{
  "name": "metacritic-webtest",
  "version": "0.0.0",
  "lockfileVersion": 1,
  "requires": true,
  "dependencies": {
    "metacritic": {
      "version": "0.0.2",
      "resolved": "https://registry.npmjs.org/metacritic/-/metacritic-0.0.2.tgz",
      "integrity": "sha512-xPs62yJRbiimUnBW4FMdaA9oTC/N26QQiQfygK5Zuf6oVcAF5QVmRftKMEoswcJ/ZJzI4S8JbWXW6LqFkp0uuw=="
    }
  }
}
